
Microsoft Visual Studio Solution File, Format Version 12.00
# Visual Studio 15
VisualStudioVersion = 15.0.27703.2042
MinimumVisualStudioVersion = 10.0.40219.1
Project("{FAE04EC0-301F-11D3-BF4B-00C04F79EFBC}") = "GeometryTest", "GeometryTest\GeometryTest.csproj", "{0B9E623A-6119-4118-BD80-7D98CED9BAA1}"
EndProject
Project("{FAE04EC0-301F-11D3-BF4B-00C04F79EFBC}") = "GeometryTest.Core", "GeometryTest.Core\GeometryTest.Core.csproj", "{AAF9EC66-F82C-4099-AEB9-86D59B0B9A9E}"
EndProject
Global
	GlobalSection(SolutionConfigurationPlatforms) = preSolution
		Debug|Any CPU = Debug|Any CPU
		Release|Any CPU = Release|Any CPU
	EndGlobalSection
	GlobalSection(ProjectConfigurationPlatforms) = postSolution
		{0B9E623A-6119-4118-BD80-7D98CED9BAA1}.Debug|Any CPU.ActiveCfg = Debug|Any CPU
		{0B9E623A-6119-4118-BD80-7D98CED9BAA1}.Debug|Any CPU.Build.0 = Debug|Any CPU
		{0B9E623A-6119-4118-BD80-7D98CED9BAA1}.Release|Any CPU.ActiveCfg = Release|Any CPU
		{0B9E623A-6119-4118-BD80-7D98CED9BAA1}.Release|Any CPU.Build.0 = Release|Any CPU
		{AAF9EC66-F82C-4099-AEB9-86D59B0B9A9E}.Debug|Any CPU.ActiveCfg = Debug|Any CPU
		{AAF9EC66-F82C-4099-AEB9-86D59B0B9A9E}.Debug|Any CPU.Build.0 = Debug|Any CPU
		{AAF9EC66-F82C-4099-AEB9-86D59B0B9A9E}.Release|Any CPU.ActiveCfg = Release|Any CPU
		{AAF9EC66-F82C-4099-AEB9-86D59B0B9A9E}.Release|Any CPU.Build.0 = Release|Any CPU
	EndGlobalSection
	GlobalSection(SolutionProperties) = preSolution
		HideSolutionNode = FALSE
	EndGlobalSection
	GlobalSection(ExtensibilityGlobals) = postSolution
		SolutionGuid = {12164C48-E22D-4676-AF93-5264938CFBE8}
	EndGlobalSection
EndGlobal
